// !$*UTF8*$!
{
	archiveVersion = 1;
	classes = {
	};
	objectVersion = 46;
	objects = {

/* Begin PBXBuildFile section */
		5773CFCA1BA807480057E34D /* Dog.m in Sources */ = {isa = PBXBuildFile; fileRef = 5773CFC91BA807480057E34D /* Dog.m */; };
		577671E81BA598AE0080F135 /* main.m in Sources */ = {isa = PBXBuildFile; fileRef = 577671E71BA598AE0080F135 /* main.m */; };
		57FBFABE1BAD0BE100241AE8 /* Human.m in Sources */ = {isa = PBXBuildFile; fileRef = 57FBFABD1BAD0BE100241AE8 /* Human.m */; };
/* End PBXBuildFile section */

/* Begin PBXCopyFilesBuildPhase section */
		577671E21BA598AD0080F135 /* CopyFiles */ = {
			isa = PBXCopyFilesBuildPhase;
			buildActionMask = 2147483647;
			dstPath = /usr/share/man/man1/;
			dstSubfolderSpec = 0;
			files = (
			);
			runOnlyForDeploymentPostprocessing = 1;
		};
/* End PBXCopyFilesBuildPhase section */

/* Begin PBXFileReference section */
		5773CFC81BA807480057E34D /* Dog.h */ = {isa = PBXFileReference; fileEncoding = 4; lastKnownFileType = sourcecode.c.h; name = Dog.h; path = Helloshit/Dog.h; sourceTree = "<group>"; };
		5773CFC91BA807480057E34D /* Dog.m */ = {isa = PBXFileReference; fileEncoding = 4; lastKnownFileType = sourcecode.c.objc; name = Dog.m; path = Helloshit/Dog.m; sourceTree = "<group>"; };
		577671E41BA598AE0080F135 /* Helloshit */ = {isa = PBXFileReference; explicitFileType = "compiled.mach-o.executable"; includeInIndex = 0; path = Helloshit; sourceTree = BUILT_PRODUCTS_DIR; };
		577671E71BA598AE0080F135 /* main.m */ = {isa = PBXFileReference; lastKnownFileType = sourcecode.c.objc; path = main.m; sourceTree = "<group>"; };
		57FBFABC1BAD0BE100241AE8 /* Human.h */ = {isa = PBXFileReference; fileEncoding = 4; lastKnownFileType = sourcecode.c.h; name = Human.h; path = Helloshit/Human.h; sourceTree = "<group>"; };
		57FBFABD1BAD0BE100241AE8 /* Human.m */ = {isa = PBXFileReference; fileEncoding = 4; lastKnownFileType = sourcecode.c.objc; name = Human.m; path = Helloshit/Human.m; sourceTree = "<group>"; };
/* End PBXFileReference section */

/* Begin PBXFrameworksBuildPhase section */
		577671E11BA598AD0080F135 /* Frameworks */ = {
			isa = PBXFrameworksBuildPhase;
			buildActionMask = 2147483647;
			files = (
			);
			runOnlyForDeploymentPostprocessing = 0;
		};
/* End PBXFrameworksBuildPhase section */

/* Begin PBXGroup section */
		577671DB1BA598AD0080F135 = {
			isa = PBXGroup;
			children = (
				57FBFABC1BAD0BE100241AE8 /* Human.h */,
				57FBFABD1BAD0BE100241AE8 /* Human.m */,
				5773CFC81BA807480057E34D /* Dog.h */,
				5773CFC91BA807480057E34D /* Dog.m */,
				577671E61BA598AE0080F135 /* Helloshit */,
				577671E51BA598AE0080F135 /* Products */,
			);
			sourceTree = "<group>";
		};
		577671E51BA598AE0080F135 /* Products */ = {
			isa = PBXGroup;
			children = (
				577671E41BA598AE0080F135 /* Helloshit */,
			);
			name = Products;
			sourceTree = "<group>";
		};
		577671E61BA598AE0080F135 /* Helloshit */ = {
			isa = PBXGroup;
			children = (
				577671E71BA598AE0080F135 /* main.m */,
			);
			path = Helloshit;
			sourceTree = "<group>";
		};
/* End PBXGroup section */

/* Begin PBXNativeTarget section */
		577671E31BA598AD0080F135 /* Helloshit */ = {
			isa = PBXNativeTarget;
			buildConfigurationList = 577671EB1BA598AE0080F135 /* Build configuration list for PBXNativeTarget "Helloshit" */;
			buildPhases = (
				577671E01BA598AD0080F135 /* Sources */,
				577671E11BA598AD0080F135 /* Frameworks */,
				577671E21BA598AD0080F135 /* CopyFiles */,
			);
			buildRules = (
			);
			dependencies = (
			);
			name = Helloshit;
			productName = Helloshit;
			productReference = 577671E41BA598AE0080F135 /* Helloshit */;
			productType = "com.apple.product-type.tool";
		};
/* End PBXNativeTarget section */

/* Begin PBXProject section */
		577671DC1BA598AD0080F135 /* Project object */ = {
			isa = PBXProject;
			attributes = {
				LastUpgradeCheck = 0640;
				ORGANIZATIONNAME = "白大卫";
				TargetAttributes = {
					577671E31BA598AD0080F135 = {
						CreatedOnToolsVersion = 6.4;
					};
				};
			};
			buildConfigurationList = 577671DF1BA598AD0080F135 /* Build configuration list for PBXProject "Helloshit" */;
			compatibilityVersion = "Xcode 3.2";
			developmentRegion = English;
			hasScannedForEncodings = 0;
			knownRegions = (
				en,
			);
			mainGroup = 577671DB1BA598AD0080F135;
			productRefGroup = 577671E51BA598AE0080F135 /* Products */;
			projectDirPath = "";
			projectRoot = "";
			targets = (
				577671E31BA598AD0080F135 /* Helloshit */,
			);
		};
/* End PBXProject section */

/* Begin PBXSourcesBuildPhase section */
		577671E01BA598AD0080F135 /* Sources */ = {
			isa = PBXSourcesBuildPhase;
			buildActionMask = 2147483647;
			files = (
				57FBFABE1BAD0BE100241AE8 /* Human.m in Sources */,
				5773CFCA1BA807480057E34D /* Dog.m in Sources */,
				577671E81BA598AE0080F135 /* main.m in Sources */,
			);
			runOnlyForDeploymentPostprocessing = 0;
		};
/* End PBXSourcesBuildPhase section */

/* Begin XCBuildConfiguration section */
		577671E91BA598AE0080F135 /* Debug */ = {
			isa = XCBuildConfiguration;
			buildSettings = {
				ALWAYS_SEARCH_USER_PATHS = NO;
				CLANG_CXX_LANGUAGE_STANDARD = "gnu++0x";
				CLANG_CXX_LIBRARY = "libc++";
				CLANG_ENABLE_MODULES = YES;
				CLANG_ENABLE_OBJC_ARC = YES;
				CLANG_WARN_BOOL_CONVERSION = YES;
				CLANG_WARN_CONSTANT_CONVERSION = YES;
				CLANG_WARN_DIRECT_OBJC_ISA_USAGE = YES_ERROR;
				CLANG_WARN_EMPTY_BODY = YES;
				CLANG_WARN_ENUM_CONVERSION = YES;
				CLANG_WARN_INT_CONVERSION = YES;
				CLANG_WARN_OBJC_ROOT_CLASS = YES_ERROR;
				CLANG_WARN_UNREACHABLE_CODE = YES;
				CLANG_WARN__DUPLICATE_METHOD_MATCH = YES;
				COPY_PHASE_STRIP = NO;
				DEBUG_INFORMATION_FORMAT = dwarf;
				ENABLE_STRICT_OBJC_MSGSEND = YES;
				GCC_C_LANGUAGE_STANDARD = gnu99;
				GCC_DYNAMIC_NO_PIC = NO;
				GCC_NO_COMMON_BLOCKS = YES;
				GCC_OPTIMIZATION_LEVEL = 0;
				GCC_PREPROCESSOR_DEFINITIONS = (
					"DEBUG=1",
					"$(inherited)",
				);
				GCC_SYMBOLS_PRIVATE_EXTERN = NO;
				GCC_WARN_64_TO_32_BIT_CONVERSION = YES;
				GCC_WARN_ABOUT_RETURN_TYPE = YES_ERROR;
				GCC_WARN_UNDECLARED_SELECTOR = YES;
				GCC_WARN_UNINITIALIZED_AUTOS = YES_AGGRESSIVE;
				GCC_WARN_UNUSED_FUNCTION = YES;
				GCC_WARN_UNUSED_VARIABLE = YES;
				MACOSX_DEPLOYMENT_TARGET = 10.10;
				MTL_ENABLE_DEBUG_INFO = YES;
				ONLY_ACTIVE_ARCH = YES;
				SDKROOT = macosx;
			};
			name = Debug;
		};
		577671EA1BA598AE0080F135 /* Release */ = {
			isa = XCBuildConfiguration;
			buildSettings = {
				ALWAYS_SEARCH_USER_PATHS = NO;
				CLANG_CXX_LANGUAGE_STANDARD = "gnu++0x";
				CLANG_CXX_LIBRARY = "libc++";
				CLANG_ENABLE_MODULES = YES;
				CLANG_ENABLE_OBJC_ARC = YES;
				CLANG_WARN_BOOL_CONVERSION = YES;
				CLANG_WARN_CONSTANT_CONVERSION = YES;
				CLANG_WARN_DIRECT_OBJC_ISA_USAGE = YES_ERROR;
				CLANG_WARN_EMPTY_BODY = YES;
				CLANG_WARN_ENUM_CONVERSION = YES;
				CLANG_WARN_INT_CONVERSION = YES;
				CLANG_WARN_OBJC_ROOT_CLASS = YES_ERROR;
				CLANG_WARN_UNREACHABLE_CODE = YES;
				CLANG_WARN__DUPLICATE_METHOD_MATCH = YES;
				COPY_PHASE_STRIP = NO;
				DEBUG_INFORMATION_FORMAT = "dwarf-with-dsym";
				ENABLE_NS_ASSERTIONS = NO;
				ENABLE_STRICT_OBJC_MSGSEND = YES;
				GCC_C_LANGUAGE_STANDARD = gnu99;
				GCC_NO_COMMON_BLOCKS = YES;
				GCC_WARN_64_TO_32_BIT_CONVERSION = YES;
				GCC_WARN_ABOUT_RETURN_TYPE = YES_ERROR;
				GCC_WARN_UNDECLARED_SELECTOR = YES;
				GCC_WARN_UNINITIALIZED_AUTOS = YES_AGGRESSIVE;
				GCC_WARN_UNUSED_FUNCTION = YES;
				GCC_WARN_UNUSED_VARIABLE = YES;
				MACOSX_DEPLOYMENT_TARGET = 10.10;
				MTL_ENABLE_DEBUG_INFO = NO;
				SDKROOT = macosx;
			};
			name = Release;
		};
		577671EC1BA598AE0080F135 /* Debug */ = {
			isa = XCBuildConfiguration;
			buildSettings = {
				CLANG_ENABLE_OBJC_ARC = NO;
				PRODUCT_NAME = "$(TARGET_NAME)";
			};
			name = Debug;
		};
		577671ED1BA598AE0080F135 /* Release */ = {
			isa = XCBuildConfiguration;
			buildSettings = {
				CLANG_ENABLE_OBJC_ARC = NO;
				PRODUCT_NAME = "$(TARGET_NAME)";
			};
			name = Release;
		};
/* End XCBuildConfiguration section */

/* Begin XCConfigurationList section */
		577671DF1BA598AD0080F135 /* Build configuration list for PBXProject "Helloshit" */ = {
			isa = XCConfigurationList;
			buildConfigurations = (
				577671E91BA598AE0080F135 /* Debug */,
				577671EA1BA598AE0080F135 /* Release */,
			);
			defaultConfigurationIsVisible = 0;
			defaultConfigurationName = Release;
		};
		577671EB1BA598AE0080F135 /* Build configuration list for PBXNativeTarget "Helloshit" */ = {
			isa = XCConfigurationList;
			buildConfigurations = (
				577671EC1BA598AE0080F135 /* Debug */,
				577671ED1BA598AE0080F135 /* Release */,
			);
			defaultConfigurationIsVisible = 0;
			defaultConfigurationName = Release;
		};
/* End XCConfigurationList section */
	};
	rootObject = 577671DC1BA598AD0080F135 /* Project object */;
}
